
Microsoft Visual Studio Solution File, Format Version 12.00
# Visual Studio Version 17
VisualStudioVersion = 17.2.32630.192
MinimumVisualStudioVersion = 10.0.40219.1
Project("{9A19103F-16F7-4668-BE54-9A1E7A4F7556}") = "F10Y.S0002", "F10Y.S0002\F10Y.S0002.csproj", "{C1553CAD-8D21-4B1C-AAA3-CD46B0BB6281}"
EndProject
Project("{2150E333-8FDC-42A3-9474-1A3956D46DE8}") = "_Dependencies", "_Dependencies", "{0C282B09-4573-4666-AA08-AF45F59F99F7}"
EndProject
Project("{9A19103F-16F7-4668-BE54-9A1E7A4F7556}") = "F10Y.T0000", "..\..\F10Y.T0000\source\F10Y.T0000\F10Y.T0000.csproj", "{5EC72E4C-04C0-4644-A193-4D3E85BED6F7}"
EndProject
Project("{9A19103F-16F7-4668-BE54-9A1E7A4F7556}") = "F10Y.T0005", "..\..\F10Y.T0005\source\F10Y.T0005\F10Y.T0005.csproj", "{4FA84FF7-6D50-42D3-8F1C-BA6489D2E578}"
EndProject
Project("{9A19103F-16F7-4668-BE54-9A1E7A4F7556}") = "F10Y.L0000", "..\..\F10Y.L0000\source\F10Y.L0000\F10Y.L0000.csproj", "{14A1DED7-CDF9-4CEF-97F1-466223D73D29}"
EndProject
Project("{9A19103F-16F7-4668-BE54-9A1E7A4F7556}") = "F10Y.T0001", "..\..\F10Y.T0001\source\F10Y.T0001\F10Y.T0001.csproj", "{04BD493D-8880-4951-ADBC-1FC63FACB298}"
EndProject
Project("{9A19103F-16F7-4668-BE54-9A1E7A4F7556}") = "F10Y.T0002", "..\..\F10Y.T0002\source\F10Y.T0002\F10Y.T0002.csproj", "{F3BCA95C-DF43-4C34-87BF-42E07E8A8D6B}"
EndProject
Project("{9A19103F-16F7-4668-BE54-9A1E7A4F7556}") = "F10Y.T0003", "..\..\F10Y.T0003\source\F10Y.T0003\F10Y.T0003.csproj", "{3F7D53EC-7BDA-4A7A-B3F3-F12C1A850367}"
EndProject
Project("{9A19103F-16F7-4668-BE54-9A1E7A4F7556}") = "F10Y.T0011", "..\..\F10Y.T0011\source\F10Y.T0011\F10Y.T0011.csproj", "{B82D03B1-87C6-4C0A-AD18-E7211AACC3CB}"
EndProject
Project("{9A19103F-16F7-4668-BE54-9A1E7A4F7556}") = "F10Y.Y0000", "..\..\F10Y.Y0000\source\F10Y.Y0000\F10Y.Y0000.csproj", "{2AF61AD7-6518-4C60-B119-2346AE0440E6}"
EndProject
Project("{9A19103F-16F7-4668-BE54-9A1E7A4F7556}") = "F10Y.L0001.L000", "..\..\F10Y.L0001\source\F10Y.L0001.L000\F10Y.L0001.L000.csproj", "{E8B4D76B-0877-4A28-97F3-0167080369C7}"
EndProject
Project("{9A19103F-16F7-4668-BE54-9A1E7A4F7556}") = "F10Y.T0004", "..\..\F10Y.T0004\source\F10Y.T0004\F10Y.T0004.csproj", "{66D38C6E-529D-49DF-AAA2-3FCE0FA5A3AC}"
EndProject
Project("{9A19103F-16F7-4668-BE54-9A1E7A4F7556}") = "F10Y.L0001.L001", "..\..\F10Y.L0001\source\F10Y.L0001.L001\F10Y.L0001.L001.csproj", "{1D2FB034-5125-4F8C-A328-20FB83004FC5}"
EndProject
Project("{9A19103F-16F7-4668-BE54-9A1E7A4F7556}") = "F10Y.L0001.L002", "..\..\F10Y.L0001\source\F10Y.L0001.L002\F10Y.L0001.L002.csproj", "{5EA2445E-84FB-44D8-9121-BDBCF177B18B}"
EndProject
Project("{9A19103F-16F7-4668-BE54-9A1E7A4F7556}") = "F10Y.L0001.L003", "..\..\F10Y.L0001\source\F10Y.L0001.L003\F10Y.L0001.L003.csproj", "{467F4BC0-B532-4927-AA4E-3C3DC75D7C6D}"
EndProject
Project("{9A19103F-16F7-4668-BE54-9A1E7A4F7556}") = "F10Y.L0001.T000", "..\..\F10Y.L0001\source\F10Y.L0001.T000\F10Y.L0001.T000.csproj", "{E33ABCA4-4E24-4C51-A109-A0D3254764A8}"
EndProject
Project("{9A19103F-16F7-4668-BE54-9A1E7A4F7556}") = "F10Y.L0001.X000", "..\..\F10Y.L0001\source\F10Y.L0001.X000\F10Y.L0001.X000.csproj", "{7FD05989-C8D9-4C2A-A795-9FF73F9E8D70}"
EndProject
Project("{9A19103F-16F7-4668-BE54-9A1E7A4F7556}") = "F10Y.L0001.Z000", "..\..\F10Y.L0001\source\F10Y.L0001.Z000\F10Y.L0001.Z000.csproj", "{16637288-F16C-47E6-BC18-84E2104665F2}"
EndProject
Project("{9A19103F-16F7-4668-BE54-9A1E7A4F7556}") = "F10Y.L0001", "..\..\F10Y.L0001\source\F10Y.L0001\F10Y.L0001.csproj", "{6B905EEA-44F3-40A7-83F8-FA5CEE86C688}"
EndProject
Project("{9A19103F-16F7-4668-BE54-9A1E7A4F7556}") = "F10Y.L0004.L000", "..\..\F10Y.L0004\source\F10Y.L0004.L000\F10Y.L0004.L000.csproj", "{5F107F33-3FD7-44A7-94EC-1EC3EDCC35ED}"
EndProject
Project("{9A19103F-16F7-4668-BE54-9A1E7A4F7556}") = "F10Y.L0019", "..\..\F10Y.L0019\source\F10Y.L0019\F10Y.L0019.csproj", "{182C2014-9BFA-47CE-A20D-E6E3C11C038B}"
EndProject
Project("{9A19103F-16F7-4668-BE54-9A1E7A4F7556}") = "F10Y.L0020", "..\..\F10Y.L0020\source\F10Y.L0020\F10Y.L0020.csproj", "{D95DABF9-B621-4366-A63D-ED396B96A265}"
EndProject
Project("{9A19103F-16F7-4668-BE54-9A1E7A4F7556}") = "F10Y.L0032", "..\..\F10Y.L0032\source\F10Y.L0032\F10Y.L0032.csproj", "{47EA7519-C3EF-4442-8B37-23697D2D81B3}"
EndProject
Project("{9A19103F-16F7-4668-BE54-9A1E7A4F7556}") = "F10Y.T0014.T001", "..\..\F10Y.T0014\source\F10Y.T0014.T001\F10Y.T0014.T001.csproj", "{CCA46897-A498-4886-9DB3-9A06317A0982}"
EndProject
Project("{9A19103F-16F7-4668-BE54-9A1E7A4F7556}") = "F10Y.T0014.T002", "..\..\F10Y.T0014\source\F10Y.T0014.T002\F10Y.T0014.T002.csproj", "{4A947B7C-03BD-4026-901C-F42DE1D1B5F6}"
EndProject
Project("{9A19103F-16F7-4668-BE54-9A1E7A4F7556}") = "F10Y.L0060", "..\..\F10Y.L0060\source\F10Y.L0060\F10Y.L0060.csproj", "{268BED04-2478-4B24-8CAA-47B0FB7F1BAE}"
EndProject
Project("{9A19103F-16F7-4668-BE54-9A1E7A4F7556}") = "F10Y.L0034", "..\..\F10Y.L0034\source\F10Y.L0034\F10Y.L0034.csproj", "{58946D03-A03B-4067-940D-35F61FB2ED02}"
EndProject
Project("{9A19103F-16F7-4668-BE54-9A1E7A4F7556}") = "F10Y.T0014.T004", "..\..\F10Y.T0014\source\F10Y.T0014.T004\F10Y.T0014.T004.csproj", "{3C78694A-FF1D-4FFB-96BE-F1B2A2239ABA}"
EndProject
Project("{9A19103F-16F7-4668-BE54-9A1E7A4F7556}") = "F10Y.L0061.L000", "..\..\F10Y.L0061\source\F10Y.L0061.L000\F10Y.L0061.L000.csproj", "{4C9D07EA-C47B-4343-9301-D94D96639C6A}"
EndProject
Project("{9A19103F-16F7-4668-BE54-9A1E7A4F7556}") = "F10Y.L0061", "..\..\F10Y.L0061\source\F10Y.L0061\F10Y.L0061.csproj", "{D8674242-2DE6-41B8-ADBF-E728D2D56906}"
EndProject
Global
	GlobalSection(NestedProjects) = preSolution
		{5EC72E4C-04C0-4644-A193-4D3E85BED6F7} = {0C282B09-4573-4666-AA08-AF45F59F99F7}
		{4FA84FF7-6D50-42D3-8F1C-BA6489D2E578} = {0C282B09-4573-4666-AA08-AF45F59F99F7}
		{14A1DED7-CDF9-4CEF-97F1-466223D73D29} = {0C282B09-4573-4666-AA08-AF45F59F99F7}
		{04BD493D-8880-4951-ADBC-1FC63FACB298} = {0C282B09-4573-4666-AA08-AF45F59F99F7}
		{F3BCA95C-DF43-4C34-87BF-42E07E8A8D6B} = {0C282B09-4573-4666-AA08-AF45F59F99F7}
		{3F7D53EC-7BDA-4A7A-B3F3-F12C1A850367} = {0C282B09-4573-4666-AA08-AF45F59F99F7}
		{B82D03B1-87C6-4C0A-AD18-E7211AACC3CB} = {0C282B09-4573-4666-AA08-AF45F59F99F7}
		{2AF61AD7-6518-4C60-B119-2346AE0440E6} = {0C282B09-4573-4666-AA08-AF45F59F99F7}
		{E8B4D76B-0877-4A28-97F3-0167080369C7} = {0C282B09-4573-4666-AA08-AF45F59F99F7}
		{66D38C6E-529D-49DF-AAA2-3FCE0FA5A3AC} = {0C282B09-4573-4666-AA08-AF45F59F99F7}
		{1D2FB034-5125-4F8C-A328-20FB83004FC5} = {0C282B09-4573-4666-AA08-AF45F59F99F7}
		{5EA2445E-84FB-44D8-9121-BDBCF177B18B} = {0C282B09-4573-4666-AA08-AF45F59F99F7}
		{467F4BC0-B532-4927-AA4E-3C3DC75D7C6D} = {0C282B09-4573-4666-AA08-AF45F59F99F7}
		{E33ABCA4-4E24-4C51-A109-A0D3254764A8} = {0C282B09-4573-4666-AA08-AF45F59F99F7}
		{7FD05989-C8D9-4C2A-A795-9FF73F9E8D70} = {0C282B09-4573-4666-AA08-AF45F59F99F7}
		{16637288-F16C-47E6-BC18-84E2104665F2} = {0C282B09-4573-4666-AA08-AF45F59F99F7}
		{6B905EEA-44F3-40A7-83F8-FA5CEE86C688} = {0C282B09-4573-4666-AA08-AF45F59F99F7}
		{5F107F33-3FD7-44A7-94EC-1EC3EDCC35ED} = {0C282B09-4573-4666-AA08-AF45F59F99F7}
		{182C2014-9BFA-47CE-A20D-E6E3C11C038B} = {0C282B09-4573-4666-AA08-AF45F59F99F7}
		{D95DABF9-B621-4366-A63D-ED396B96A265} = {0C282B09-4573-4666-AA08-AF45F59F99F7}
		{47EA7519-C3EF-4442-8B37-23697D2D81B3} = {0C282B09-4573-4666-AA08-AF45F59F99F7}
		{CCA46897-A498-4886-9DB3-9A06317A0982} = {0C282B09-4573-4666-AA08-AF45F59F99F7}
		{4A947B7C-03BD-4026-901C-F42DE1D1B5F6} = {0C282B09-4573-4666-AA08-AF45F59F99F7}
		{268BED04-2478-4B24-8CAA-47B0FB7F1BAE} = {0C282B09-4573-4666-AA08-AF45F59F99F7}
		{58946D03-A03B-4067-940D-35F61FB2ED02} = {0C282B09-4573-4666-AA08-AF45F59F99F7}
		{3C78694A-FF1D-4FFB-96BE-F1B2A2239ABA} = {0C282B09-4573-4666-AA08-AF45F59F99F7}
		{4C9D07EA-C47B-4343-9301-D94D96639C6A} = {0C282B09-4573-4666-AA08-AF45F59F99F7}
		{D8674242-2DE6-41B8-ADBF-E728D2D56906} = {0C282B09-4573-4666-AA08-AF45F59F99F7}
	EndGlobalSection
	GlobalSection(SolutionConfigurationPlatforms) = preSolution
		Debug|Any CPU = Debug|Any CPU
		Release|Any CPU = Release|Any CPU
	EndGlobalSection
	GlobalSection(ProjectConfigurationPlatforms) = postSolution
		{C1553CAD-8D21-4B1C-AAA3-CD46B0BB6281}.Debug|Any CPU.ActiveCfg = Debug|Any CPU
		{C1553CAD-8D21-4B1C-AAA3-CD46B0BB6281}.Debug|Any CPU.Build.0 = Debug|Any CPU
		{C1553CAD-8D21-4B1C-AAA3-CD46B0BB6281}.Release|Any CPU.ActiveCfg = Release|Any CPU
		{C1553CAD-8D21-4B1C-AAA3-CD46B0BB6281}.Release|Any CPU.Build.0 = Release|Any CPU
		{5EC72E4C-04C0-4644-A193-4D3E85BED6F7}.Debug|Any CPU.ActiveCfg = Debug|Any CPU
		{5EC72E4C-04C0-4644-A193-4D3E85BED6F7}.Debug|Any CPU.Build.0 = Debug|Any CPU
		{5EC72E4C-04C0-4644-A193-4D3E85BED6F7}.Release|Any CPU.ActiveCfg = Release|Any CPU
		{5EC72E4C-04C0-4644-A193-4D3E85BED6F7}.Release|Any CPU.Build.0 = Release|Any CPU
		{4FA84FF7-6D50-42D3-8F1C-BA6489D2E578}.Debug|Any CPU.ActiveCfg = Debug|Any CPU
		{4FA84FF7-6D50-42D3-8F1C-BA6489D2E578}.Debug|Any CPU.Build.0 = Debug|Any CPU
		{4FA84FF7-6D50-42D3-8F1C-BA6489D2E578}.Release|Any CPU.ActiveCfg = Release|Any CPU
		{4FA84FF7-6D50-42D3-8F1C-BA6489D2E578}.Release|Any CPU.Build.0 = Release|Any CPU
		{14A1DED7-CDF9-4CEF-97F1-466223D73D29}.Debug|Any CPU.ActiveCfg = Debug|Any CPU
		{14A1DED7-CDF9-4CEF-97F1-466223D73D29}.Debug|Any CPU.Build.0 = Debug|Any CPU
		{14A1DED7-CDF9-4CEF-97F1-466223D73D29}.Release|Any CPU.ActiveCfg = Release|Any CPU
		{14A1DED7-CDF9-4CEF-97F1-466223D73D29}.Release|Any CPU.Build.0 = Release|Any CPU
		{04BD493D-8880-4951-ADBC-1FC63FACB298}.Debug|Any CPU.ActiveCfg = Debug|Any CPU
		{04BD493D-8880-4951-ADBC-1FC63FACB298}.Debug|Any CPU.Build.0 = Debug|Any CPU
		{04BD493D-8880-4951-ADBC-1FC63FACB298}.Release|Any CPU.ActiveCfg = Release|Any CPU
		{04BD493D-8880-4951-ADBC-1FC63FACB298}.Release|Any CPU.Build.0 = Release|Any CPU
		{F3BCA95C-DF43-4C34-87BF-42E07E8A8D6B}.Debug|Any CPU.ActiveCfg = Debug|Any CPU
		{F3BCA95C-DF43-4C34-87BF-42E07E8A8D6B}.Debug|Any CPU.Build.0 = Debug|Any CPU
		{F3BCA95C-DF43-4C34-87BF-42E07E8A8D6B}.Release|Any CPU.ActiveCfg = Release|Any CPU
		{F3BCA95C-DF43-4C34-87BF-42E07E8A8D6B}.Release|Any CPU.Build.0 = Release|Any CPU
		{3F7D53EC-7BDA-4A7A-B3F3-F12C1A850367}.Debug|Any CPU.ActiveCfg = Debug|Any CPU
		{3F7D53EC-7BDA-4A7A-B3F3-F12C1A850367}.Debug|Any CPU.Build.0 = Debug|Any CPU
		{3F7D53EC-7BDA-4A7A-B3F3-F12C1A850367}.Release|Any CPU.ActiveCfg = Release|Any CPU
		{3F7D53EC-7BDA-4A7A-B3F3-F12C1A850367}.Release|Any CPU.Build.0 = Release|Any CPU
		{B82D03B1-87C6-4C0A-AD18-E7211AACC3CB}.Debug|Any CPU.ActiveCfg = Debug|Any CPU
		{B82D03B1-87C6-4C0A-AD18-E7211AACC3CB}.Debug|Any CPU.Build.0 = Debug|Any CPU
		{B82D03B1-87C6-4C0A-AD18-E7211AACC3CB}.Release|Any CPU.ActiveCfg = Release|Any CPU
		{B82D03B1-87C6-4C0A-AD18-E7211AACC3CB}.Release|Any CPU.Build.0 = Release|Any CPU
		{2AF61AD7-6518-4C60-B119-2346AE0440E6}.Debug|Any CPU.ActiveCfg = Debug|Any CPU
		{2AF61AD7-6518-4C60-B119-2346AE0440E6}.Debug|Any CPU.Build.0 = Debug|Any CPU
		{2AF61AD7-6518-4C60-B119-2346AE0440E6}.Release|Any CPU.ActiveCfg = Release|Any CPU
		{2AF61AD7-6518-4C60-B119-2346AE0440E6}.Release|Any CPU.Build.0 = Release|Any CPU
		{E8B4D76B-0877-4A28-97F3-0167080369C7}.Debug|Any CPU.ActiveCfg = Debug|Any CPU
		{E8B4D76B-0877-4A28-97F3-0167080369C7}.Debug|Any CPU.Build.0 = Debug|Any CPU
		{E8B4D76B-0877-4A28-97F3-0167080369C7}.Release|Any CPU.ActiveCfg = Release|Any CPU
		{E8B4D76B-0877-4A28-97F3-0167080369C7}.Release|Any CPU.Build.0 = Release|Any CPU
		{66D38C6E-529D-49DF-AAA2-3FCE0FA5A3AC}.Debug|Any CPU.ActiveCfg = Debug|Any CPU
		{66D38C6E-529D-49DF-AAA2-3FCE0FA5A3AC}.Debug|Any CPU.Build.0 = Debug|Any CPU
		{66D38C6E-529D-49DF-AAA2-3FCE0FA5A3AC}.Release|Any CPU.ActiveCfg = Release|Any CPU
		{66D38C6E-529D-49DF-AAA2-3FCE0FA5A3AC}.Release|Any CPU.Build.0 = Release|Any CPU
		{1D2FB034-5125-4F8C-A328-20FB83004FC5}.Debug|Any CPU.ActiveCfg = Debug|Any CPU
		{1D2FB034-5125-4F8C-A328-20FB83004FC5}.Debug|Any CPU.Build.0 = Debug|Any CPU
		{1D2FB034-5125-4F8C-A328-20FB83004FC5}.Release|Any CPU.ActiveCfg = Release|Any CPU
		{1D2FB034-5125-4F8C-A328-20FB83004FC5}.Release|Any CPU.Build.0 = Release|Any CPU
		{5EA2445E-84FB-44D8-9121-BDBCF177B18B}.Debug|Any CPU.ActiveCfg = Debug|Any CPU
		{5EA2445E-84FB-44D8-9121-BDBCF177B18B}.Debug|Any CPU.Build.0 = Debug|Any CPU
		{5EA2445E-84FB-44D8-9121-BDBCF177B18B}.Release|Any CPU.ActiveCfg = Release|Any CPU
		{5EA2445E-84FB-44D8-9121-BDBCF177B18B}.Release|Any CPU.Build.0 = Release|Any CPU
		{467F4BC0-B532-4927-AA4E-3C3DC75D7C6D}.Debug|Any CPU.ActiveCfg = Debug|Any CPU
		{467F4BC0-B532-4927-AA4E-3C3DC75D7C6D}.Debug|Any CPU.Build.0 = Debug|Any CPU
		{467F4BC0-B532-4927-AA4E-3C3DC75D7C6D}.Release|Any CPU.ActiveCfg = Release|Any CPU
		{467F4BC0-B532-4927-AA4E-3C3DC75D7C6D}.Release|Any CPU.Build.0 = Release|Any CPU
		{E33ABCA4-4E24-4C51-A109-A0D3254764A8}.Debug|Any CPU.ActiveCfg = Debug|Any CPU
		{E33ABCA4-4E24-4C51-A109-A0D3254764A8}.Debug|Any CPU.Build.0 = Debug|Any CPU
		{E33ABCA4-4E24-4C51-A109-A0D3254764A8}.Release|Any CPU.ActiveCfg = Release|Any CPU
		{E33ABCA4-4E24-4C51-A109-A0D3254764A8}.Release|Any CPU.Build.0 = Release|Any CPU
		{7FD05989-C8D9-4C2A-A795-9FF73F9E8D70}.Debug|Any CPU.ActiveCfg = Debug|Any CPU
		{7FD05989-C8D9-4C2A-A795-9FF73F9E8D70}.Debug|Any CPU.Build.0 = Debug|Any CPU
		{7FD05989-C8D9-4C2A-A795-9FF73F9E8D70}.Release|Any CPU.ActiveCfg = Release|Any CPU
		{7FD05989-C8D9-4C2A-A795-9FF73F9E8D70}.Release|Any CPU.Build.0 = Release|Any CPU
		{16637288-F16C-47E6-BC18-84E2104665F2}.Debug|Any CPU.ActiveCfg = Debug|Any CPU
		{16637288-F16C-47E6-BC18-84E2104665F2}.Debug|Any CPU.Build.0 = Debug|Any CPU
		{16637288-F16C-47E6-BC18-84E2104665F2}.Release|Any CPU.ActiveCfg = Release|Any CPU
		{16637288-F16C-47E6-BC18-84E2104665F2}.Release|Any CPU.Build.0 = Release|Any CPU
		{6B905EEA-44F3-40A7-83F8-FA5CEE86C688}.Debug|Any CPU.ActiveCfg = Debug|Any CPU
		{6B905EEA-44F3-40A7-83F8-FA5CEE86C688}.Debug|Any CPU.Build.0 = Debug|Any CPU
		{6B905EEA-44F3-40A7-83F8-FA5CEE86C688}.Release|Any CPU.ActiveCfg = Release|Any CPU
		{6B905EEA-44F3-40A7-83F8-FA5CEE86C688}.Release|Any CPU.Build.0 = Release|Any CPU
		{5F107F33-3FD7-44A7-94EC-1EC3EDCC35ED}.Debug|Any CPU.ActiveCfg = Debug|Any CPU
		{5F107F33-3FD7-44A7-94EC-1EC3EDCC35ED}.Debug|Any CPU.Build.0 = Debug|Any CPU
		{5F107F33-3FD7-44A7-94EC-1EC3EDCC35ED}.Release|Any CPU.ActiveCfg = Release|Any CPU
		{5F107F33-3FD7-44A7-94EC-1EC3EDCC35ED}.Release|Any CPU.Build.0 = Release|Any CPU
		{182C2014-9BFA-47CE-A20D-E6E3C11C038B}.Debug|Any CPU.ActiveCfg = Debug|Any CPU
		{182C2014-9BFA-47CE-A20D-E6E3C11C038B}.Debug|Any CPU.Build.0 = Debug|Any CPU
		{182C2014-9BFA-47CE-A20D-E6E3C11C038B}.Release|Any CPU.ActiveCfg = Release|Any CPU
		{182C2014-9BFA-47CE-A20D-E6E3C11C038B}.Release|Any CPU.Build.0 = Release|Any CPU
		{D95DABF9-B621-4366-A63D-ED396B96A265}.Debug|Any CPU.ActiveCfg = Debug|Any CPU
		{D95DABF9-B621-4366-A63D-ED396B96A265}.Debug|Any CPU.Build.0 = Debug|Any CPU
		{D95DABF9-B621-4366-A63D-ED396B96A265}.Release|Any CPU.ActiveCfg = Release|Any CPU
		{D95DABF9-B621-4366-A63D-ED396B96A265}.Release|Any CPU.Build.0 = Release|Any CPU
		{47EA7519-C3EF-4442-8B37-23697D2D81B3}.Debug|Any CPU.ActiveCfg = Debug|Any CPU
		{47EA7519-C3EF-4442-8B37-23697D2D81B3}.Debug|Any CPU.Build.0 = Debug|Any CPU
		{47EA7519-C3EF-4442-8B37-23697D2D81B3}.Release|Any CPU.ActiveCfg = Release|Any CPU
		{47EA7519-C3EF-4442-8B37-23697D2D81B3}.Release|Any CPU.Build.0 = Release|Any CPU
		{CCA46897-A498-4886-9DB3-9A06317A0982}.Debug|Any CPU.ActiveCfg = Debug|Any CPU
		{CCA46897-A498-4886-9DB3-9A06317A0982}.Debug|Any CPU.Build.0 = Debug|Any CPU
		{CCA46897-A498-4886-9DB3-9A06317A0982}.Release|Any CPU.ActiveCfg = Release|Any CPU
		{CCA46897-A498-4886-9DB3-9A06317A0982}.Release|Any CPU.Build.0 = Release|Any CPU
		{4A947B7C-03BD-4026-901C-F42DE1D1B5F6}.Debug|Any CPU.ActiveCfg = Debug|Any CPU
		{4A947B7C-03BD-4026-901C-F42DE1D1B5F6}.Debug|Any CPU.Build.0 = Debug|Any CPU
		{4A947B7C-03BD-4026-901C-F42DE1D1B5F6}.Release|Any CPU.ActiveCfg = Release|Any CPU
		{4A947B7C-03BD-4026-901C-F42DE1D1B5F6}.Release|Any CPU.Build.0 = Release|Any CPU
		{268BED04-2478-4B24-8CAA-47B0FB7F1BAE}.Debug|Any CPU.ActiveCfg = Debug|Any CPU
		{268BED04-2478-4B24-8CAA-47B0FB7F1BAE}.Debug|Any CPU.Build.0 = Debug|Any CPU
		{268BED04-2478-4B24-8CAA-47B0FB7F1BAE}.Release|Any CPU.ActiveCfg = Release|Any CPU
		{268BED04-2478-4B24-8CAA-47B0FB7F1BAE}.Release|Any CPU.Build.0 = Release|Any CPU
		{58946D03-A03B-4067-940D-35F61FB2ED02}.Debug|Any CPU.ActiveCfg = Debug|Any CPU
		{58946D03-A03B-4067-940D-35F61FB2ED02}.Debug|Any CPU.Build.0 = Debug|Any CPU
		{58946D03-A03B-4067-940D-35F61FB2ED02}.Release|Any CPU.ActiveCfg = Release|Any CPU
		{58946D03-A03B-4067-940D-35F61FB2ED02}.Release|Any CPU.Build.0 = Release|Any CPU
		{3C78694A-FF1D-4FFB-96BE-F1B2A2239ABA}.Debug|Any CPU.ActiveCfg = Debug|Any CPU
		{3C78694A-FF1D-4FFB-96BE-F1B2A2239ABA}.Debug|Any CPU.Build.0 = Debug|Any CPU
		{3C78694A-FF1D-4FFB-96BE-F1B2A2239ABA}.Release|Any CPU.ActiveCfg = Release|Any CPU
		{3C78694A-FF1D-4FFB-96BE-F1B2A2239ABA}.Release|Any CPU.Build.0 = Release|Any CPU
		{4C9D07EA-C47B-4343-9301-D94D96639C6A}.Debug|Any CPU.ActiveCfg = Debug|Any CPU
		{4C9D07EA-C47B-4343-9301-D94D96639C6A}.Debug|Any CPU.Build.0 = Debug|Any CPU
		{4C9D07EA-C47B-4343-9301-D94D96639C6A}.Release|Any CPU.ActiveCfg = Release|Any CPU
		{4C9D07EA-C47B-4343-9301-D94D96639C6A}.Release|Any CPU.Build.0 = Release|Any CPU
		{D8674242-2DE6-41B8-ADBF-E728D2D56906}.Debug|Any CPU.ActiveCfg = Debug|Any CPU
		{D8674242-2DE6-41B8-ADBF-E728D2D56906}.Debug|Any CPU.Build.0 = Debug|Any CPU
		{D8674242-2DE6-41B8-ADBF-E728D2D56906}.Release|Any CPU.ActiveCfg = Release|Any CPU
		{D8674242-2DE6-41B8-ADBF-E728D2D56906}.Release|Any CPU.Build.0 = Release|Any CPU
	EndGlobalSection
	GlobalSection(SolutionProperties) = preSolution
		HideSolutionNode = FALSE
	EndGlobalSection
	GlobalSection(ExtensibilityGlobals) = postSolution
		SolutionGuid = {256800B4-609C-4686-882A-BA2EF5C122D8}
	EndGlobalSection
EndGlobal
